
Microsoft Visual Studio Solution File, Format Version 12.00
# Visual Studio Version 17
VisualStudioVersion = 17.9.34701.34
MinimumVisualStudioVersion = 10.0.40219.1
Project("{9A19103F-16F7-4668-BE54-9A1E7A4F7556}") = "server", "server\server.csproj", "{FA79E97A-F48F-48C6-A16C-A0A33771A620}"
EndProject
Project("{54A90642-561A-4BB1-A94E-469ADEE60C69}") = "client.angular", "client.angular\client.angular.esproj", "{55BD7E5D-0CDE-49E2-AF1E-CD26861ABC23}"
EndProject
Project("{54A90642-561A-4BB1-A94E-469ADEE60C69}") = "client.react", "client.react\client.react.esproj", "{189C40AD-40C7-4147-934F-448CA77E292E}"
EndProject
Project("{54A90642-561A-4BB1-A94E-469ADEE60C69}") = "client.common", "client.common\client.common.esproj", "{8DD3785C-7E46-4A16-AD0D-CF99BBAFADB1}"
EndProject
Global
	GlobalSection(SolutionConfigurationPlatforms) = preSolution
		Debug|Any CPU = Debug|Any CPU
		Release|Any CPU = Release|Any CPU
	EndGlobalSection
	GlobalSection(ProjectConfigurationPlatforms) = postSolution
		{FA79E97A-F48F-48C6-A16C-A0A33771A620}.Debug|Any CPU.ActiveCfg = Debug|Any CPU
		{FA79E97A-F48F-48C6-A16C-A0A33771A620}.Debug|Any CPU.Build.0 = Debug|Any CPU
		{FA79E97A-F48F-48C6-A16C-A0A33771A620}.Release|Any CPU.ActiveCfg = Release|Any CPU
		{FA79E97A-F48F-48C6-A16C-A0A33771A620}.Release|Any CPU.Build.0 = Release|Any CPU
		{55BD7E5D-0CDE-49E2-AF1E-CD26861ABC23}.Debug|Any CPU.ActiveCfg = Debug|Any CPU
		{55BD7E5D-0CDE-49E2-AF1E-CD26861ABC23}.Debug|Any CPU.Build.0 = Debug|Any CPU
		{55BD7E5D-0CDE-49E2-AF1E-CD26861ABC23}.Debug|Any CPU.Deploy.0 = Debug|Any CPU
		{55BD7E5D-0CDE-49E2-AF1E-CD26861ABC23}.Release|Any CPU.ActiveCfg = Release|Any CPU
		{55BD7E5D-0CDE-49E2-AF1E-CD26861ABC23}.Release|Any CPU.Build.0 = Release|Any CPU
		{55BD7E5D-0CDE-49E2-AF1E-CD26861ABC23}.Release|Any CPU.Deploy.0 = Release|Any CPU
		{189C40AD-40C7-4147-934F-448CA77E292E}.Debug|Any CPU.ActiveCfg = Debug|Any CPU
		{189C40AD-40C7-4147-934F-448CA77E292E}.Debug|Any CPU.Build.0 = Debug|Any CPU
		{189C40AD-40C7-4147-934F-448CA77E292E}.Debug|Any CPU.Deploy.0 = Debug|Any CPU
		{189C40AD-40C7-4147-934F-448CA77E292E}.Release|Any CPU.ActiveCfg = Release|Any CPU
		{189C40AD-40C7-4147-934F-448CA77E292E}.Release|Any CPU.Build.0 = Release|Any CPU
		{189C40AD-40C7-4147-934F-448CA77E292E}.Release|Any CPU.Deploy.0 = Release|Any CPU
		{8DD3785C-7E46-4A16-AD0D-CF99BBAFADB1}.Debug|Any CPU.ActiveCfg = Debug|Any CPU
		{8DD3785C-7E46-4A16-AD0D-CF99BBAFADB1}.Debug|Any CPU.Build.0 = Debug|Any CPU
		{8DD3785C-7E46-4A16-AD0D-CF99BBAFADB1}.Debug|Any CPU.Deploy.0 = Debug|Any CPU
		{8DD3785C-7E46-4A16-AD0D-CF99BBAFADB1}.Release|Any CPU.ActiveCfg = Release|Any CPU
		{8DD3785C-7E46-4A16-AD0D-CF99BBAFADB1}.Release|Any CPU.Build.0 = Release|Any CPU
		{8DD3785C-7E46-4A16-AD0D-CF99BBAFADB1}.Release|Any CPU.Deploy.0 = Release|Any CPU
	EndGlobalSection
	GlobalSection(SolutionProperties) = preSolution
		HideSolutionNode = FALSE
	EndGlobalSection
	GlobalSection(ExtensibilityGlobals) = postSolution
		SolutionGuid = {7566393E-39FA-4C62-A755-EA293CC8A6E7}
	EndGlobalSection
EndGlobal
